{
    "_meta": {
        "hash": {
            "sha256": "036a6d6bf1873a414471e6762dd7ce52eceb31d53be48727f04066de22d427f3"
        },
        "pipfile-spec": 6,
        "requires": {
            "python_full_version": "3.9.6",
            "python_version": "3.9"
        },
        "sources": [
            {
                "name": "pypi",
                "url": "https://pypi.org/simple",
                "verify_ssl": true
            }
        ]
    },
    "default": {
        "po-sync": {
            "editable": true,
            "file": "."
        },
        "polib": {
            "hashes": [
                "sha256:1c77ee1b81feb31df9bca258cbc58db1bbb32d10214b173882452c73af06d62d",
                "sha256:f3ef94aefed6e183e342a8a269ae1fc4742ba193186ad76f175938621dbfc26b"
            ],
            "index": "pypi",
            "version": "==1.2.0"
        },
        "setuptools": {
            "hashes": [
                "sha256:062d34222ad13e0cc312a4c02d73f059e86a4acbfbdea8f8f76b28c99f306922",
                "sha256:f36b47402ecde768dbfafc46e8e4207b4360c654f1f3bb84475f0a28628fb19c"
            ],
            "index": "pypi",
            "markers": "python_version >= '3.9'",
            "version": "==80.9.0"
        },
        "tabulate": {
            "hashes": [
                "sha256:0095b12bf5966de529c0feb1fa08671671b3368eec77d7ef7ab114be2c068b3c",
                "sha256:024ca478df22e9340661486f85298cff5f6dcdba14f3813e8830015b9ed1948f"
            ],
            "index": "pypi",
            "markers": "python_version >= '3.7'",
            "version": "==0.9.0"
        }
    },
    "develop": {}
}
